{
  "requires": true,
  "lockfileVersion": 1,
  "dependencies": {
    "immer": {
      "version": "9.0.3",
      "resolved": "https://registry.npmjs.org/immer/-/immer-9.0.3.tgz",
      "integrity": "sha512-mONgeNSMuyjIe0lkQPa9YhdmTv8P19IeHV0biYhcXhbd5dhdB9HSK93zBpyKjp6wersSUgT5QyU0skmejUVP2A=="
    }
  }
}
